{
  "name": "my-thing",
  "version": "0.1.0",
  "lockfileVersion": 3,
  "requires": true,
  "packages": {
    "": {
      "name": "my-thing",
      "version": "0.1.0",
      "hasInstallScript": true,
      "dependencies": {
        "idontrealexist rpobadljy": "^333.828.0",
        "@aws-sdk/client-dynamodb": "^333.828.0",
        "@aws-sdk/client-verifiedpermissions": "^3555.828.0",
        "@aws-sdk/lib-dynamodb": "^356565456.828.0",
        "@nuxt/content": "^323423432.6.3",
        "@nuxt/eslint": "^1234234234.8.0",
        "@nuxt/fonts": "^0234234.11.4",
        "@nuxt/icon": "^2234234.0.0"
      }
    }
  }
}
